apiVersion: vendir.k14s.io/v1alpha1
directories:
- contents:
  - git:
      commitTitle: 'rules: Reimplement native unbundled deps to better support `FORCE_RLIB`:
        Take 3...'
      sha: 7fe874bfabed4147e5fa6fa614fd2e0f8ef98b37
      tags:
      - "2024-01-15"
    path: .
  path: prelude
- contents:
  - git:
      commitTitle: 'rules: Reimplement native unbundled deps to better support `FORCE_RLIB`:
        Take 3...'
      sha: 7fe874bfabed4147e5fa6fa614fd2e0f8ef98b37
      tags:
      - "2024-01-15"
    path: .
  path: third-party/macros
- contents:
  - git:
      commitTitle: 'client: Fix "ctrl-c was pressed" bug...'
      sha: f3c685667ef22d0130687003012b6960abec6b3b
      tags:
      - 2023-10-15-425-gf3c685667
    path: .
  path: third-party/rust/fixups/ring/include
kind: LockConfig
