apiVersion: vendir.k14s.io/v1alpha1
directories:
- contents:
  - git:
      commitTitle: Refactor derive(Freeze)...
      sha: c2fa90e0c6bfc074362893ca389bbf41af2bd9d6
      tags:
      - "2024-10-15"
    path: .
  path: prelude
- contents:
  - git:
      commitTitle: Refactor derive(Freeze)...
      sha: c2fa90e0c6bfc074362893ca389bbf41af2bd9d6
      tags:
      - "2024-10-15"
    path: .
  path: third-party/macros
kind: LockConfig
