lockfileVersion: '6.0'

settings:
  autoInstallPeers: true
  excludeLinksFromLockfile: false

dependencies:
  turbo:
    specifier: ^1.10.3
    version: 1.10.14

packages:

  /turbo-darwin-64@1.10.14:
    resolution: {integrity: sha512-I8RtFk1b9UILAExPdG/XRgGQz95nmXPE7OiGb6ytjtNIR5/UZBS/xVX/7HYpCdmfriKdVwBKhalCoV4oDvAGEg==}
    cpu: [x64]
    os: [darwin]
    requiresBuild: true
    dev: false
    optional: true

  /turbo-darwin-arm64@1.10.14:
    resolution: {integrity: sha512-KAdUWryJi/XX7OD0alOuOa0aJ5TLyd4DNIYkHPHYcM6/d7YAovYvxRNwmx9iv6Vx6IkzTnLeTiUB8zy69QkG9Q==}
    cpu: [arm64]
    os: [darwin]
    requiresBuild: true
    dev: false
    optional: true

  /turbo-linux-64@1.10.14:
    resolution: {integrity: sha512-BOBzoREC2u4Vgpap/WDxM6wETVqVMRcM8OZw4hWzqCj2bqbQ6L0wxs1LCLWVrghQf93JBQtIGAdFFLyCSBXjWQ==}
    cpu: [x64]
    os: [linux]
    requiresBuild: true
    dev: false
    optional: true

  /turbo-linux-arm64@1.10.14:
    resolution: {integrity: sha512-D8T6XxoTdN5D4V5qE2VZG+/lbZX/89BkAEHzXcsSUTRjrwfMepT3d2z8aT6hxv4yu8EDdooZq/2Bn/vjMI32xw==}
    cpu: [arm64]
    os: [linux]
    requiresBuild: true
    dev: false
    optional: true

  /turbo-windows-64@1.10.14:
    resolution: {integrity: sha512-zKNS3c1w4i6432N0cexZ20r/aIhV62g69opUn82FLVs/zk3Ie0GVkSB6h0rqIvMalCp7enIR87LkPSDGz9K4UA==}
    cpu: [x64]
    os: [win32]
    requiresBuild: true
    dev: false
    optional: true

  /turbo-windows-arm64@1.10.14:
    resolution: {integrity: sha512-rkBwrTPTxNSOUF7of8eVvvM+BkfkhA2OvpHM94if8tVsU+khrjglilp8MTVPHlyS9byfemPAmFN90oRIPB05BA==}
    cpu: [arm64]
    os: [win32]
    requiresBuild: true
    dev: false
    optional: true

  /turbo@1.10.14:
    resolution: {integrity: sha512-hr9wDNYcsee+vLkCDIm8qTtwhJ6+UAMJc3nIY6+PNgUTtXcQgHxCq8BGoL7gbABvNWv76CNbK5qL4Lp9G3ZYRA==}
    hasBin: true
    optionalDependencies:
      turbo-darwin-64: 1.10.14
      turbo-darwin-arm64: 1.10.14
      turbo-linux-64: 1.10.14
      turbo-linux-arm64: 1.10.14
      turbo-windows-64: 1.10.14
      turbo-windows-arm64: 1.10.14
    dev: false
