apiVersion: vendir.k14s.io/v1alpha1
directories:
- contents:
  - git:
      commitTitle: 'test: add oathkeeper bats tests (#3003)...'
      sha: 83245b1bcb251068d4acdefd70666be3d3907cff
      tags:
      - 0.11.4-1-g83245b1bc
    path: dev
  - git:
      commitTitle: 'test: add oathkeeper bats tests (#3003)...'
      sha: 83245b1bcb251068d4acdefd70666be3d3907cff
      tags:
      - 0.11.4-1-g83245b1bc
    path: envs
  - git:
      commitTitle: 'test: add oathkeeper bats tests (#3003)...'
      sha: 83245b1bcb251068d4acdefd70666be3d3907cff
      tags:
      - 0.11.4-1-g83245b1bc
    path: test
  - inline: {}
    path: docker
  path: vendor
kind: LockConfig
