dependencies:
- name: redis
  repository: https://charts.bitnami.com/bitnami
  version: 14.1.1
- name: mongodb
  repository: https://charts.bitnami.com/bitnami
  version: 10.15.2
- name: common
  repository: https://charts.bitnami.com/bitnami
  version: 0.10.0
- name: nginx
  repository: https://charts.bitnami.com/bitnami
  version: 8.9.0
- name: nginx
  repository: https://charts.bitnami.com/bitnami
  version: 8.9.0
digest: sha256:758cbee1b2c5c4da86ac2a4622fe9fafc6ee10292e733e2aa263666a942046bd
generated: "2021-05-13T13:21:10.497254+01:00"
