apiVersion: vendir.k14s.io/v1alpha1
directories:
- contents:
  - git:
      commitTitle: 'Revert "feat(api-keys): introduce receive scope (#4049)" (#4053)...'
      sha: 0f3e0439dff94c44f0022e64c5141ebfc089151a
      tags:
      - 0.20.73-2-g0f3e0439d
    path: ./
  path: dev
- contents:
  - git:
      commitTitle: 'Revert "feat(api-keys): introduce receive scope (#4049)" (#4053)...'
      sha: 0f3e0439dff94c44f0022e64c5141ebfc089151a
      tags:
      - 0.20.73-2-g0f3e0439d
    path: schemas/
  - git:
      commitTitle: 'Revert "feat(api-keys): introduce receive scope (#4049)" (#4053)...'
      sha: 0f3e0439dff94c44f0022e64c5141ebfc089151a
      tags:
      - 0.20.73-2-g0f3e0439d
    path: gql/
  path: ./graphql
kind: LockConfig
