apiVersion: vendir.k14s.io/v1alpha1
directories:
- contents:
  - git:
      commitTitle: 'chore(api-keys): add tracing (#3507)...'
      sha: cd18b10b56c0a3b173ea6578bb9643ae88cbdfb7
      tags:
      - 0.15.96-2-gcd18b10b5
    path: ./
  path: dev
- contents:
  - git:
      commitTitle: 'chore(api-keys): add tracing (#3507)...'
      sha: cd18b10b56c0a3b173ea6578bb9643ae88cbdfb7
      tags:
      - 0.15.96-2-gcd18b10b5
    path: ./
  path: ./galoy
- contents:
  - git:
      commitTitle: 'chore(api-keys): add tracing (#3507)...'
      sha: cd18b10b56c0a3b173ea6578bb9643ae88cbdfb7
      tags:
      - 0.15.96-2-gcd18b10b5
    path: ./
  path: ./graphql
kind: LockConfig
