apiVersion: vendir.k14s.io/v1alpha1
directories:
- contents:
  - git:
      commitTitle: 'chore: add unique id to write-sdl bin script (#4169)...'
      sha: 4b15b3cd209c1f6c574ad8020eec971ee34c80ab
      tags:
      - 0.20.113-8-g4b15b3cd2
    path: ./
  path: dev
- contents:
  - git:
      commitTitle: 'chore: add unique id to write-sdl bin script (#4169)...'
      sha: 4b15b3cd209c1f6c574ad8020eec971ee34c80ab
      tags:
      - 0.20.113-8-g4b15b3cd2
    path: schemas/
  - git:
      commitTitle: 'chore: add unique id to write-sdl bin script (#4169)...'
      sha: 4b15b3cd209c1f6c574ad8020eec971ee34c80ab
      tags:
      - 0.20.113-8-g4b15b3cd2
    path: gql/
  path: ./graphql
kind: LockConfig
