apiVersion: vendir.k14s.io/v1alpha1
directories:
- contents:
  - git:
      commitTitle: 'fix: check code and helpers'
      sha: ae6c5ad2e6ee131666c1ffb73455493fcb8d3500
    path: .
  path: ../.github/workflows/vendor
- contents:
  - git:
      commitTitle: 'fix: check code and helpers'
      sha: ae6c5ad2e6ee131666c1ffb73455493fcb8d3500
    path: .
  path: ./vendor
kind: LockConfig
