apiVersion: vendir.k14s.io/v1alpha1
directories:
- contents:
  - git:
      commitTitle: 'ci: add building of nodejs-concourse'
      sha: 97cc66f91bc95db9971173cb15e97954cef766f6
    path: .
  path: tasks/vendor
- contents:
  - git:
      commitTitle: 'ci: add building of nodejs-concourse'
      sha: 97cc66f91bc95db9971173cb15e97954cef766f6
    path: .
  path: config/vendor
kind: LockConfig
